
Microsoft Visual Studio Solution File, Format Version 12.00
# Visual Studio 15
VisualStudioVersion = 15.0.27130.2020
MinimumVisualStudioVersion = 10.0.40219.1
Project("{FAE04EC0-301F-11D3-BF4B-00C04F79EFBC}") = "XF.AplicativoFIAP.Android", "XF.AplicativoFIAP\XF.AplicativoFIAP.Android\XF.AplicativoFIAP.Android.csproj", "{818F9549-43D6-4A51-AFE7-63E5FB5004FF}"
EndProject
Project("{FAE04EC0-301F-11D3-BF4B-00C04F79EFBC}") = "XF.AplicativoFIAP.iOS", "XF.AplicativoFIAP\XF.AplicativoFIAP.iOS\XF.AplicativoFIAP.iOS.csproj", "{BCE3DA8C-DCFF-465A-A048-E39560A410B2}"
EndProject
Project("{FAE04EC0-301F-11D3-BF4B-00C04F79EFBC}") = "XF.AplicativoFIAP", "XF.AplicativoFIAP\XF.AplicativoFIAP\XF.AplicativoFIAP.csproj", "{26FCACFB-23E1-4476-BFC7-F9FBAF570345}"
EndProject
Global
	GlobalSection(SolutionConfigurationPlatforms) = preSolution
		Ad-Hoc|Any CPU = Ad-Hoc|Any CPU
		Ad-Hoc|iPhone = Ad-Hoc|iPhone
		Ad-Hoc|iPhoneSimulator = Ad-Hoc|iPhoneSimulator
		AppStore|Any CPU = AppStore|Any CPU
		AppStore|iPhone = AppStore|iPhone
		AppStore|iPhoneSimulator = AppStore|iPhoneSimulator
		Debug|Any CPU = Debug|Any CPU
		Debug|iPhone = Debug|iPhone
		Debug|iPhoneSimulator = Debug|iPhoneSimulator
		Release|Any CPU = Release|Any CPU
		Release|iPhone = Release|iPhone
		Release|iPhoneSimulator = Release|iPhoneSimulator
	EndGlobalSection
	GlobalSection(ProjectConfigurationPlatforms) = postSolution
		{818F9549-43D6-4A51-AFE7-63E5FB5004FF}.Ad-Hoc|Any CPU.ActiveCfg = Release|Any CPU
		{818F9549-43D6-4A51-AFE7-63E5FB5004FF}.Ad-Hoc|Any CPU.Build.0 = Release|Any CPU
		{818F9549-43D6-4A51-AFE7-63E5FB5004FF}.Ad-Hoc|Any CPU.Deploy.0 = Release|Any CPU
		{818F9549-43D6-4A51-AFE7-63E5FB5004FF}.Ad-Hoc|iPhone.ActiveCfg = Release|Any CPU
		{818F9549-43D6-4A51-AFE7-63E5FB5004FF}.Ad-Hoc|iPhone.Build.0 = Release|Any CPU
		{818F9549-43D6-4A51-AFE7-63E5FB5004FF}.Ad-Hoc|iPhone.Deploy.0 = Release|Any CPU
		{818F9549-43D6-4A51-AFE7-63E5FB5004FF}.Ad-Hoc|iPhoneSimulator.ActiveCfg = Release|Any CPU
		{818F9549-43D6-4A51-AFE7-63E5FB5004FF}.Ad-Hoc|iPhoneSimulator.Build.0 = Release|Any CPU
		{818F9549-43D6-4A51-AFE7-63E5FB5004FF}.Ad-Hoc|iPhoneSimulator.Deploy.0 = Release|Any CPU
		{818F9549-43D6-4A51-AFE7-63E5FB5004FF}.AppStore|Any CPU.ActiveCfg = Release|Any CPU
		{818F9549-43D6-4A51-AFE7-63E5FB5004FF}.AppStore|Any CPU.Build.0 = Release|Any CPU
		{818F9549-43D6-4A51-AFE7-63E5FB5004FF}.AppStore|Any CPU.Deploy.0 = Release|Any CPU
		{818F9549-43D6-4A51-AFE7-63E5FB5004FF}.AppStore|iPhone.ActiveCfg = Release|Any CPU
		{818F9549-43D6-4A51-AFE7-63E5FB5004FF}.AppStore|iPhone.Build.0 = Release|Any CPU
		{818F9549-43D6-4A51-AFE7-63E5FB5004FF}.AppStore|iPhone.Deploy.0 = Release|Any CPU
		{818F9549-43D6-4A51-AFE7-63E5FB5004FF}.AppStore|iPhoneSimulator.ActiveCfg = Release|Any CPU
		{818F9549-43D6-4A51-AFE7-63E5FB5004FF}.AppStore|iPhoneSimulator.Build.0 = Release|Any CPU
		{818F9549-43D6-4A51-AFE7-63E5FB5004FF}.AppStore|iPhoneSimulator.Deploy.0 = Release|Any CPU
		{818F9549-43D6-4A51-AFE7-63E5FB5004FF}.Debug|Any CPU.ActiveCfg = Debug|Any CPU
		{818F9549-43D6-4A51-AFE7-63E5FB5004FF}.Debug|Any CPU.Build.0 = Debug|Any CPU
		{818F9549-43D6-4A51-AFE7-63E5FB5004FF}.Debug|Any CPU.Deploy.0 = Debug|Any CPU
		{818F9549-43D6-4A51-AFE7-63E5FB5004FF}.Debug|iPhone.ActiveCfg = Debug|Any CPU
		{818F9549-43D6-4A51-AFE7-63E5FB5004FF}.Debug|iPhone.Build.0 = Debug|Any CPU
		{818F9549-43D6-4A51-AFE7-63E5FB5004FF}.Debug|iPhone.Deploy.0 = Debug|Any CPU
		{818F9549-43D6-4A51-AFE7-63E5FB5004FF}.Debug|iPhoneSimulator.ActiveCfg = Debug|Any CPU
		{818F9549-43D6-4A51-AFE7-63E5FB5004FF}.Debug|iPhoneSimulator.Build.0 = Debug|Any CPU
		{818F9549-43D6-4A51-AFE7-63E5FB5004FF}.Debug|iPhoneSimulator.Deploy.0 = Debug|Any CPU
		{818F9549-43D6-4A51-AFE7-63E5FB5004FF}.Release|Any CPU.ActiveCfg = Release|Any CPU
		{818F9549-43D6-4A51-AFE7-63E5FB5004FF}.Release|Any CPU.Build.0 = Release|Any CPU
		{818F9549-43D6-4A51-AFE7-63E5FB5004FF}.Release|Any CPU.Deploy.0 = Release|Any CPU
		{818F9549-43D6-4A51-AFE7-63E5FB5004FF}.Release|iPhone.ActiveCfg = Release|Any CPU
		{818F9549-43D6-4A51-AFE7-63E5FB5004FF}.Release|iPhone.Build.0 = Release|Any CPU
		{818F9549-43D6-4A51-AFE7-63E5FB5004FF}.Release|iPhone.Deploy.0 = Release|Any CPU
		{818F9549-43D6-4A51-AFE7-63E5FB5004FF}.Release|iPhoneSimulator.ActiveCfg = Release|Any CPU
		{818F9549-43D6-4A51-AFE7-63E5FB5004FF}.Release|iPhoneSimulator.Build.0 = Release|Any CPU
		{818F9549-43D6-4A51-AFE7-63E5FB5004FF}.Release|iPhoneSimulator.Deploy.0 = Release|Any CPU
		{BCE3DA8C-DCFF-465A-A048-E39560A410B2}.Ad-Hoc|Any CPU.ActiveCfg = Ad-Hoc|iPhone
		{BCE3DA8C-DCFF-465A-A048-E39560A410B2}.Ad-Hoc|iPhone.ActiveCfg = Ad-Hoc|iPhone
		{BCE3DA8C-DCFF-465A-A048-E39560A410B2}.Ad-Hoc|iPhone.Build.0 = Ad-Hoc|iPhone
		{BCE3DA8C-DCFF-465A-A048-E39560A410B2}.Ad-Hoc|iPhoneSimulator.ActiveCfg = Ad-Hoc|iPhoneSimulator
		{BCE3DA8C-DCFF-465A-A048-E39560A410B2}.Ad-Hoc|iPhoneSimulator.Build.0 = Ad-Hoc|iPhoneSimulator
		{BCE3DA8C-DCFF-465A-A048-E39560A410B2}.AppStore|Any CPU.ActiveCfg = AppStore|iPhone
		{BCE3DA8C-DCFF-465A-A048-E39560A410B2}.AppStore|iPhone.ActiveCfg = AppStore|iPhone
		{BCE3DA8C-DCFF-465A-A048-E39560A410B2}.AppStore|iPhone.Build.0 = AppStore|iPhone
		{BCE3DA8C-DCFF-465A-A048-E39560A410B2}.AppStore|iPhoneSimulator.ActiveCfg = AppStore|iPhoneSimulator
		{BCE3DA8C-DCFF-465A-A048-E39560A410B2}.AppStore|iPhoneSimulator.Build.0 = AppStore|iPhoneSimulator
		{BCE3DA8C-DCFF-465A-A048-E39560A410B2}.Debug|Any CPU.ActiveCfg = Debug|iPhone
		{BCE3DA8C-DCFF-465A-A048-E39560A410B2}.Debug|iPhone.ActiveCfg = Debug|iPhone
		{BCE3DA8C-DCFF-465A-A048-E39560A410B2}.Debug|iPhone.Build.0 = Debug|iPhone
		{BCE3DA8C-DCFF-465A-A048-E39560A410B2}.Debug|iPhoneSimulator.ActiveCfg = Debug|iPhoneSimulator
		{BCE3DA8C-DCFF-465A-A048-E39560A410B2}.Debug|iPhoneSimulator.Build.0 = Debug|iPhoneSimulator
		{BCE3DA8C-DCFF-465A-A048-E39560A410B2}.Release|Any CPU.ActiveCfg = Release|iPhone
		{BCE3DA8C-DCFF-465A-A048-E39560A410B2}.Release|iPhone.ActiveCfg = Release|iPhone
		{BCE3DA8C-DCFF-465A-A048-E39560A410B2}.Release|iPhone.Build.0 = Release|iPhone
		{BCE3DA8C-DCFF-465A-A048-E39560A410B2}.Release|iPhoneSimulator.ActiveCfg = Release|iPhoneSimulator
		{BCE3DA8C-DCFF-465A-A048-E39560A410B2}.Release|iPhoneSimulator.Build.0 = Release|iPhoneSimulator
		{26FCACFB-23E1-4476-BFC7-F9FBAF570345}.Ad-Hoc|Any CPU.ActiveCfg = Debug|Any CPU
		{26FCACFB-23E1-4476-BFC7-F9FBAF570345}.Ad-Hoc|Any CPU.Build.0 = Debug|Any CPU
		{26FCACFB-23E1-4476-BFC7-F9FBAF570345}.Ad-Hoc|iPhone.ActiveCfg = Debug|Any CPU
		{26FCACFB-23E1-4476-BFC7-F9FBAF570345}.Ad-Hoc|iPhone.Build.0 = Debug|Any CPU
		{26FCACFB-23E1-4476-BFC7-F9FBAF570345}.Ad-Hoc|iPhoneSimulator.ActiveCfg = Debug|Any CPU
		{26FCACFB-23E1-4476-BFC7-F9FBAF570345}.Ad-Hoc|iPhoneSimulator.Build.0 = Debug|Any CPU
		{26FCACFB-23E1-4476-BFC7-F9FBAF570345}.AppStore|Any CPU.ActiveCfg = Debug|Any CPU
		{26FCACFB-23E1-4476-BFC7-F9FBAF570345}.AppStore|Any CPU.Build.0 = Debug|Any CPU
		{26FCACFB-23E1-4476-BFC7-F9FBAF570345}.AppStore|iPhone.ActiveCfg = Debug|Any CPU
		{26FCACFB-23E1-4476-BFC7-F9FBAF570345}.AppStore|iPhone.Build.0 = Debug|Any CPU
		{26FCACFB-23E1-4476-BFC7-F9FBAF570345}.AppStore|iPhoneSimulator.ActiveCfg = Debug|Any CPU
		{26FCACFB-23E1-4476-BFC7-F9FBAF570345}.AppStore|iPhoneSimulator.Build.0 = Debug|Any CPU
		{26FCACFB-23E1-4476-BFC7-F9FBAF570345}.Debug|Any CPU.ActiveCfg = Debug|Any CPU
		{26FCACFB-23E1-4476-BFC7-F9FBAF570345}.Debug|Any CPU.Build.0 = Debug|Any CPU
		{26FCACFB-23E1-4476-BFC7-F9FBAF570345}.Debug|iPhone.ActiveCfg = Debug|Any CPU
		{26FCACFB-23E1-4476-BFC7-F9FBAF570345}.Debug|iPhone.Build.0 = Debug|Any CPU
		{26FCACFB-23E1-4476-BFC7-F9FBAF570345}.Debug|iPhoneSimulator.ActiveCfg = Debug|Any CPU
		{26FCACFB-23E1-4476-BFC7-F9FBAF570345}.Debug|iPhoneSimulator.Build.0 = Debug|Any CPU
		{26FCACFB-23E1-4476-BFC7-F9FBAF570345}.Release|Any CPU.ActiveCfg = Release|Any CPU
		{26FCACFB-23E1-4476-BFC7-F9FBAF570345}.Release|Any CPU.Build.0 = Release|Any CPU
		{26FCACFB-23E1-4476-BFC7-F9FBAF570345}.Release|iPhone.ActiveCfg = Release|Any CPU
		{26FCACFB-23E1-4476-BFC7-F9FBAF570345}.Release|iPhone.Build.0 = Release|Any CPU
		{26FCACFB-23E1-4476-BFC7-F9FBAF570345}.Release|iPhoneSimulator.ActiveCfg = Release|Any CPU
		{26FCACFB-23E1-4476-BFC7-F9FBAF570345}.Release|iPhoneSimulator.Build.0 = Release|Any CPU
	EndGlobalSection
	GlobalSection(SolutionProperties) = preSolution
		HideSolutionNode = FALSE
	EndGlobalSection
	GlobalSection(ExtensibilityGlobals) = postSolution
		SolutionGuid = {FDD7818B-9890-4997-ABD2-331BB394EF6F}
	EndGlobalSection
EndGlobal
